
Microsoft Visual Studio Solution File, Format Version 12.00
# Visual Studio Version 17
VisualStudioVersion = 17.7.34202.233
MinimumVisualStudioVersion = 10.0.40219.1
Project("{FAE04EC0-301F-11D3-BF4B-00C04F79EFBC}") = "dev-web-backend2023", "dev-web-backend2023\dev-web-backend2023.csproj", "{F024AEA5-F940-4FAC-836C-244C1A644756}"
EndProject
Global
	GlobalSection(SolutionConfigurationPlatforms) = preSolution
		Debug|Any CPU = Debug|Any CPU
		Release|Any CPU = Release|Any CPU
	EndGlobalSection
	GlobalSection(ProjectConfigurationPlatforms) = postSolution
		{F024AEA5-F940-4FAC-836C-244C1A644756}.Debug|Any CPU.ActiveCfg = Debug|Any CPU
		{F024AEA5-F940-4FAC-836C-244C1A644756}.Debug|Any CPU.Build.0 = Debug|Any CPU
		{F024AEA5-F940-4FAC-836C-244C1A644756}.Release|Any CPU.ActiveCfg = Release|Any CPU
		{F024AEA5-F940-4FAC-836C-244C1A644756}.Release|Any CPU.Build.0 = Release|Any CPU
	EndGlobalSection
	GlobalSection(SolutionProperties) = preSolution
		HideSolutionNode = FALSE
	EndGlobalSection
	GlobalSection(ExtensibilityGlobals) = postSolution
		SolutionGuid = {EC5A3677-4AF2-40B9-B60B-F581E8B7E928}
	EndGlobalSection
EndGlobal
